
Microsoft Visual Studio Solution File, Format Version 12.00
# Visual Studio Version 16
VisualStudioVersion = 16.0.32002.261
MinimumVisualStudioVersion = 10.0.40219.1
Project("{9A19103F-16F7-4668-BE54-9A1E7A4F7556}") = "Unique_Identifier_And_Metadata_File_Creator", "Unique_Identifier_And_Metadata_File_Creator\Unique_Identifier_And_Metadata_File_Creator.csproj", "{6995D560-0E2C-41D2-AB54-53B6EB27E2CE}"
EndProject
Project("{9A19103F-16F7-4668-BE54-9A1E7A4F7556}") = "CheckingNetConn", "CheckingNetConn\CheckingNetConn.csproj", "{8A89FD8F-C7AD-49B5-AA31-AD4222215E5F}"
EndProject
Project("{9A19103F-16F7-4668-BE54-9A1E7A4F7556}") = "GoogleSheets", "GoogleSheets\GoogleSheets.csproj", "{33C7D01E-322B-4C22-AB50-9DF58E1F00D3}"
EndProject
Project("{2150E333-8FDC-42A3-9474-1A3956D46DE8}") = "JSON", "JSON", "{7583369E-2F5A-4EC9-A662-4022998A7057}"
EndProject
Project("{2150E333-8FDC-42A3-9474-1A3956D46DE8}") = "json1", "json1", "{1C525F28-C7F3-43E3-940D-84745A705528}"
EndProject
Project("{2150E333-8FDC-42A3-9474-1A3956D46DE8}") = "json2", "json2", "{8B83EB7F-22DC-4B7A-A247-F98309AFD300}"
EndProject
Project("{6EC3EE1D-3C4E-46DD-8F32-0CC8E7565705}") = "Unique_Identifier_And_Metadata_File_Creator.Models", "Unique_Identifier_And_Metadata_File_Creator.Models\Unique_Identifier_And_Metadata_File_Creator.Models.fsproj", "{01023C11-69CA-4FA9-B41B-E12AF4B37FF5}"
EndProject
Project("{FAE04EC0-301F-11D3-BF4B-00C04F79EFBC}") = "Creating_CSV_And_Excel_Files", "Creating_CSV_And_Excel_Files\Creating_CSV_And_Excel_Files.csproj", "{C490D468-052E-41A8-B953-0B15DED50C91}"
EndProject
Global
	GlobalSection(SolutionConfigurationPlatforms) = preSolution
		Debug|Any CPU = Debug|Any CPU
		Release|Any CPU = Release|Any CPU
	EndGlobalSection
	GlobalSection(ProjectConfigurationPlatforms) = postSolution
		{6995D560-0E2C-41D2-AB54-53B6EB27E2CE}.Debug|Any CPU.ActiveCfg = Debug|Any CPU
		{6995D560-0E2C-41D2-AB54-53B6EB27E2CE}.Debug|Any CPU.Build.0 = Debug|Any CPU
		{6995D560-0E2C-41D2-AB54-53B6EB27E2CE}.Release|Any CPU.ActiveCfg = Release|Any CPU
		{6995D560-0E2C-41D2-AB54-53B6EB27E2CE}.Release|Any CPU.Build.0 = Release|Any CPU
		{8A89FD8F-C7AD-49B5-AA31-AD4222215E5F}.Debug|Any CPU.ActiveCfg = Debug|Any CPU
		{8A89FD8F-C7AD-49B5-AA31-AD4222215E5F}.Debug|Any CPU.Build.0 = Debug|Any CPU
		{8A89FD8F-C7AD-49B5-AA31-AD4222215E5F}.Release|Any CPU.ActiveCfg = Release|Any CPU
		{8A89FD8F-C7AD-49B5-AA31-AD4222215E5F}.Release|Any CPU.Build.0 = Release|Any CPU
		{33C7D01E-322B-4C22-AB50-9DF58E1F00D3}.Debug|Any CPU.ActiveCfg = Debug|Any CPU
		{33C7D01E-322B-4C22-AB50-9DF58E1F00D3}.Debug|Any CPU.Build.0 = Debug|Any CPU
		{33C7D01E-322B-4C22-AB50-9DF58E1F00D3}.Release|Any CPU.ActiveCfg = Release|Any CPU
		{33C7D01E-322B-4C22-AB50-9DF58E1F00D3}.Release|Any CPU.Build.0 = Release|Any CPU
		{01023C11-69CA-4FA9-B41B-E12AF4B37FF5}.Debug|Any CPU.ActiveCfg = Debug|Any CPU
		{01023C11-69CA-4FA9-B41B-E12AF4B37FF5}.Debug|Any CPU.Build.0 = Debug|Any CPU
		{01023C11-69CA-4FA9-B41B-E12AF4B37FF5}.Release|Any CPU.ActiveCfg = Release|Any CPU
		{01023C11-69CA-4FA9-B41B-E12AF4B37FF5}.Release|Any CPU.Build.0 = Release|Any CPU
		{C490D468-052E-41A8-B953-0B15DED50C91}.Debug|Any CPU.ActiveCfg = Debug|Any CPU
		{C490D468-052E-41A8-B953-0B15DED50C91}.Debug|Any CPU.Build.0 = Debug|Any CPU
		{C490D468-052E-41A8-B953-0B15DED50C91}.Release|Any CPU.ActiveCfg = Release|Any CPU
		{C490D468-052E-41A8-B953-0B15DED50C91}.Release|Any CPU.Build.0 = Release|Any CPU
	EndGlobalSection
	GlobalSection(SolutionProperties) = preSolution
		HideSolutionNode = FALSE
	EndGlobalSection
	GlobalSection(NestedProjects) = preSolution
		{1C525F28-C7F3-43E3-940D-84745A705528} = {7583369E-2F5A-4EC9-A662-4022998A7057}
		{8B83EB7F-22DC-4B7A-A247-F98309AFD300} = {7583369E-2F5A-4EC9-A662-4022998A7057}
	EndGlobalSection
	GlobalSection(ExtensibilityGlobals) = postSolution
		SolutionGuid = {8E568397-D3F6-4831-8F07-2E8D2EBAF0CA}
	EndGlobalSection
EndGlobal
